
Microsoft Visual Studio Solution File, Format Version 11.00
# Visual Studio 2010
Project("{FAE04EC0-301F-11D3-BF4B-00C04F79EFBC}") = "Tower Defence tutorial 1", "Assembly-CSharp.csproj", "{09F2EA2D-88F0-36AF-97EE-44CD00F51374}"
EndProject
Global
	GlobalSection(SolutionConfigurationPlatforms) = preSolution
		Debug|Any CPU = Debug|Any CPU
		Release|Any CPU = Release|Any CPU
	EndGlobalSection
	GlobalSection(ProjectConfigurationPlatforms) = postSolution
		{09F2EA2D-88F0-36AF-97EE-44CD00F51374}.Debug|Any CPU.ActiveCfg = Debug|Any CPU
		{09F2EA2D-88F0-36AF-97EE-44CD00F51374}.Debug|Any CPU.Build.0 = Debug|Any CPU
		{09F2EA2D-88F0-36AF-97EE-44CD00F51374}.Release|Any CPU.ActiveCfg = Release|Any CPU
		{09F2EA2D-88F0-36AF-97EE-44CD00F51374}.Release|Any CPU.Build.0 = Release|Any CPU
	EndGlobalSection
	GlobalSection(SolutionProperties) = preSolution
		HideSolutionNode = FALSE
	EndGlobalSection
	GlobalSection(MonoDevelopProperties) = preSolution
		StartupItem = Assembly-CSharp.csproj
	EndGlobalSection
EndGlobal
